
Microsoft Visual Studio Solution File, Format Version 12.00
# Visual Studio Version 16
VisualStudioVersion = 16.0.30320.27
MinimumVisualStudioVersion = 10.0.40219.1
Project("{FAE04EC0-301F-11D3-BF4B-00C04F79EFBC}") = "BigFatDiary", "BigFatDiary\BigFatDiary.csproj", "{31D6F2D5-39EB-4BCF-86B2-53D441D4C6D9}"
EndProject
Global
	GlobalSection(SolutionConfigurationPlatforms) = preSolution
		Debug|Any CPU = Debug|Any CPU
		Release|Any CPU = Release|Any CPU
	EndGlobalSection
	GlobalSection(ProjectConfigurationPlatforms) = postSolution
		{31D6F2D5-39EB-4BCF-86B2-53D441D4C6D9}.Debug|Any CPU.ActiveCfg = Debug|Any CPU
		{31D6F2D5-39EB-4BCF-86B2-53D441D4C6D9}.Debug|Any CPU.Build.0 = Debug|Any CPU
		{31D6F2D5-39EB-4BCF-86B2-53D441D4C6D9}.Release|Any CPU.ActiveCfg = Release|Any CPU
		{31D6F2D5-39EB-4BCF-86B2-53D441D4C6D9}.Release|Any CPU.Build.0 = Release|Any CPU
	EndGlobalSection
	GlobalSection(SolutionProperties) = preSolution
		HideSolutionNode = FALSE
	EndGlobalSection
	GlobalSection(ExtensibilityGlobals) = postSolution
		SolutionGuid = {21BF17E8-2D72-48B2-A21C-BDA33FA0D12B}
	EndGlobalSection
EndGlobal
